// !$*UTF8*$!
{
	archiveVersion = 1;
	classes = {
	};
	objectVersion = 45;
	objects = {

/* Begin PBXBuildFile section */
		1D3623260D0F684500981E51 /* TabbyAppDelegate.m in Sources */ = {isa = PBXBuildFile; fileRef = 1D3623250D0F684500981E51 /* TabbyAppDelegate.m */; };
		1D60589B0D05DD56006BFB54 /* main.m in Sources */ = {isa = PBXBuildFile; fileRef = 29B97316FDCFA39411CA2CEA /* main.m */; };
		1D60589F0D05DD5A006BFB54 /* Foundation.framework in Frameworks */ = {isa = PBXBuildFile; fileRef = 1D30AB110D05D00D00671497 /* Foundation.framework */; };
		1DF5F4E00D08C38300B7A737 /* UIKit.framework in Frameworks */ = {isa = PBXBuildFile; fileRef = 1DF5F4DF0D08C38300B7A737 /* UIKit.framework */; };
		288765FD0DF74451002DB57D /* CoreGraphics.framework in Frameworks */ = {isa = PBXBuildFile; fileRef = 288765FC0DF74451002DB57D /* CoreGraphics.framework */; };
		28AD733F0D9D9553002E5188 /* MainWindow.xib in Resources */ = {isa = PBXBuildFile; fileRef = 28AD733E0D9D9553002E5188 /* MainWindow.xib */; };
		E02DF8FB124783EA00599A96 /* Alpha.m in Sources */ = {isa = PBXBuildFile; fileRef = E02DF8F9124783EA00599A96 /* Alpha.m */; };
		E02DF8FC124783EA00599A96 /* Alpha.xib in Resources */ = {isa = PBXBuildFile; fileRef = E02DF8FA124783EA00599A96 /* Alpha.xib */; };
		E02DF91B124784C500599A96 /* Beta.m in Sources */ = {isa = PBXBuildFile; fileRef = E02DF919124784C500599A96 /* Beta.m */; };
		E02DF91C124784C500599A96 /* Beta.xib in Resources */ = {isa = PBXBuildFile; fileRef = E02DF91A124784C500599A96 /* Beta.xib */; };
		E02DF941124786D500599A96 /* planet_ico.png in Resources */ = {isa = PBXBuildFile; fileRef = E02DF940124786D500599A96 /* planet_ico.png */; };
		E02DF945124786E000599A96 /* star_ico.png in Resources */ = {isa = PBXBuildFile; fileRef = E02DF944124786E000599A96 /* star_ico.png */; };
		E02DF97E1247894C00599A96 /* Gamma.m in Sources */ = {isa = PBXBuildFile; fileRef = E02DF97C1247894C00599A96 /* Gamma.m */; };
		E02DF97F1247894C00599A96 /* Gamma.xib in Resources */ = {isa = PBXBuildFile; fileRef = E02DF97D1247894C00599A96 /* Gamma.xib */; };
		E02DF98B1247898200599A96 /* Delta.m in Sources */ = {isa = PBXBuildFile; fileRef = E02DF9891247898200599A96 /* Delta.m */; };
		E02DF98C1247898200599A96 /* Delta.xib in Resources */ = {isa = PBXBuildFile; fileRef = E02DF98A1247898200599A96 /* Delta.xib */; };
		E02DF994124789F600599A96 /* skull_ico.png in Resources */ = {isa = PBXBuildFile; fileRef = E02DF993124789F600599A96 /* skull_ico.png */; };
		E02DF99912478A0E00599A96 /* heart_ico.png in Resources */ = {isa = PBXBuildFile; fileRef = E02DF99812478A0E00599A96 /* heart_ico.png */; };
		E02DF9A712478AC500599A96 /* present_ico.png in Resources */ = {isa = PBXBuildFile; fileRef = E02DF9A612478AC500599A96 /* present_ico.png */; };
		E02DF9AD12478ACD00599A96 /* Epsilon.m in Sources */ = {isa = PBXBuildFile; fileRef = E02DF9AB12478ACD00599A96 /* Epsilon.m */; };
		E02DF9AE12478ACD00599A96 /* Epsilon.xib in Resources */ = {isa = PBXBuildFile; fileRef = E02DF9AC12478ACD00599A96 /* Epsilon.xib */; };
		E02DF9C312478B6600599A96 /* Zeta.m in Sources */ = {isa = PBXBuildFile; fileRef = E02DF9C112478B6600599A96 /* Zeta.m */; };
		E02DF9C412478B6600599A96 /* Zeta.xib in Resources */ = {isa = PBXBuildFile; fileRef = E02DF9C212478B6600599A96 /* Zeta.xib */; };
		E02DF9D512478C0E00599A96 /* bandaid_ico.png in Resources */ = {isa = PBXBuildFile; fileRef = E02DF9D412478C0E00599A96 /* bandaid_ico.png */; };
/* End PBXBuildFile section */

/* Begin PBXFileReference section */
		1D30AB110D05D00D00671497 /* Foundation.framework */ = {isa = PBXFileReference; lastKnownFileType = wrapper.framework; name = Foundation.framework; path = System/Library/Frameworks/Foundation.framework; sourceTree = SDKROOT; };
		1D3623240D0F684500981E51 /* TabbyAppDelegate.h */ = {isa = PBXFileReference; fileEncoding = 4; lastKnownFileType = sourcecode.c.h; path = TabbyAppDelegate.h; sourceTree = "<group>"; };
		1D3623250D0F684500981E51 /* TabbyAppDelegate.m */ = {isa = PBXFileReference; fileEncoding = 4; lastKnownFileType = sourcecode.c.objc; path = TabbyAppDelegate.m; sourceTree = "<group>"; };
		1D6058910D05DD3D006BFB54 /* Tabby.app */ = {isa = PBXFileReference; explicitFileType = wrapper.application; includeInIndex = 0; path = Tabby.app; sourceTree = BUILT_PRODUCTS_DIR; };
		1DF5F4DF0D08C38300B7A737 /* UIKit.framework */ = {isa = PBXFileReference; lastKnownFileType = wrapper.framework; name = UIKit.framework; path = System/Library/Frameworks/UIKit.framework; sourceTree = SDKROOT; };
		288765FC0DF74451002DB57D /* CoreGraphics.framework */ = {isa = PBXFileReference; lastKnownFileType = wrapper.framework; name = CoreGraphics.framework; path = System/Library/Frameworks/CoreGraphics.framework; sourceTree = SDKROOT; };
		28AD733E0D9D9553002E5188 /* MainWindow.xib */ = {isa = PBXFileReference; lastKnownFileType = file.xib; path = MainWindow.xib; sourceTree = "<group>"; };
		29B97316FDCFA39411CA2CEA /* main.m */ = {isa = PBXFileReference; fileEncoding = 4; lastKnownFileType = sourcecode.c.objc; path = main.m; sourceTree = "<group>"; };
		32CA4F630368D1EE00C91783 /* Tabby_Prefix.pch */ = {isa = PBXFileReference; fileEncoding = 4; lastKnownFileType = sourcecode.c.h; path = Tabby_Prefix.pch; sourceTree = "<group>"; };
		8D1107310486CEB800E47090 /* Tabby-Info.plist */ = {isa = PBXFileReference; fileEncoding = 4; lastKnownFileType = text.plist.xml; path = "Tabby-Info.plist"; plistStructureDefinitionIdentifier = "com.apple.xcode.plist.structure-definition.iphone.info-plist"; sourceTree = "<group>"; };
		E02DF8F8124783EA00599A96 /* Alpha.h */ = {isa = PBXFileReference; fileEncoding = 4; lastKnownFileType = sourcecode.c.h; path = Alpha.h; sourceTree = "<group>"; };
		E02DF8F9124783EA00599A96 /* Alpha.m */ = {isa = PBXFileReference; fileEncoding = 4; lastKnownFileType = sourcecode.c.objc; path = Alpha.m; sourceTree = "<group>"; };
		E02DF8FA124783EA00599A96 /* Alpha.xib */ = {isa = PBXFileReference; lastKnownFileType = file.xib; name = Alpha.xib; path = Classes/Alpha.xib; sourceTree = "<group>"; };
		E02DF918124784C500599A96 /* Beta.h */ = {isa = PBXFileReference; fileEncoding = 4; lastKnownFileType = sourcecode.c.h; path = Beta.h; sourceTree = "<group>"; };
		E02DF919124784C500599A96 /* Beta.m */ = {isa = PBXFileReference; fileEncoding = 4; lastKnownFileType = sourcecode.c.objc; path = Beta.m; sourceTree = "<group>"; };
		E02DF91A124784C500599A96 /* Beta.xib */ = {isa = PBXFileReference; lastKnownFileType = file.xib; name = Beta.xib; path = Classes/Beta.xib; sourceTree = "<group>"; };
		E02DF940124786D500599A96 /* planet_ico.png */ = {isa = PBXFileReference; lastKnownFileType = image.png; path = planet_ico.png; sourceTree = "<group>"; };
		E02DF944124786E000599A96 /* star_ico.png */ = {isa = PBXFileReference; lastKnownFileType = image.png; path = star_ico.png; sourceTree = "<group>"; };
		E02DF97B1247894C00599A96 /* Gamma.h */ = {isa = PBXFileReference; fileEncoding = 4; lastKnownFileType = sourcecode.c.h; name = Gamma.h; path = ../Gamma.h; sourceTree = "<group>"; };
		E02DF97C1247894C00599A96 /* Gamma.m */ = {isa = PBXFileReference; fileEncoding = 4; lastKnownFileType = sourcecode.c.objc; name = Gamma.m; path = ../Gamma.m; sourceTree = "<group>"; };
		E02DF97D1247894C00599A96 /* Gamma.xib */ = {isa = PBXFileReference; lastKnownFileType = file.xib; path = Gamma.xib; sourceTree = "<group>"; };
		E02DF9881247898200599A96 /* Delta.h */ = {isa = PBXFileReference; fileEncoding = 4; lastKnownFileType = sourcecode.c.h; path = Delta.h; sourceTree = "<group>"; };
		E02DF9891247898200599A96 /* Delta.m */ = {isa = PBXFileReference; fileEncoding = 4; lastKnownFileType = sourcecode.c.objc; path = Delta.m; sourceTree = "<group>"; };
		E02DF98A1247898200599A96 /* Delta.xib */ = {isa = PBXFileReference; lastKnownFileType = file.xib; name = Delta.xib; path = Classes/Delta.xib; sourceTree = "<group>"; };
		E02DF993124789F600599A96 /* skull_ico.png */ = {isa = PBXFileReference; lastKnownFileType = image.png; name = skull_ico.png; path = Classes/skull_ico.png; sourceTree = "<group>"; };
		E02DF99812478A0E00599A96 /* heart_ico.png */ = {isa = PBXFileReference; lastKnownFileType = image.png; path = heart_ico.png; sourceTree = "<group>"; };
		E02DF9A612478AC500599A96 /* present_ico.png */ = {isa = PBXFileReference; lastKnownFileType = image.png; name = present_ico.png; path = Classes/present_ico.png; sourceTree = "<group>"; };
		E02DF9AA12478ACD00599A96 /* Epsilon.h */ = {isa = PBXFileReference; fileEncoding = 4; lastKnownFileType = sourcecode.c.h; path = Epsilon.h; sourceTree = "<group>"; };
		E02DF9AB12478ACD00599A96 /* Epsilon.m */ = {isa = PBXFileReference; fileEncoding = 4; lastKnownFileType = sourcecode.c.objc; path = Epsilon.m; sourceTree = "<group>"; };
		E02DF9AC12478ACD00599A96 /* Epsilon.xib */ = {isa = PBXFileReference; lastKnownFileType = file.xib; name = Epsilon.xib; path = Classes/Epsilon.xib; sourceTree = "<group>"; };
		E02DF9C012478B6600599A96 /* Zeta.h */ = {isa = PBXFileReference; fileEncoding = 4; lastKnownFileType = sourcecode.c.h; path = Zeta.h; sourceTree = "<group>"; };
		E02DF9C112478B6600599A96 /* Zeta.m */ = {isa = PBXFileReference; fileEncoding = 4; lastKnownFileType = sourcecode.c.objc; path = Zeta.m; sourceTree = "<group>"; };
		E02DF9C212478B6600599A96 /* Zeta.xib */ = {isa = PBXFileReference; lastKnownFileType = file.xib; name = Zeta.xib; path = Classes/Zeta.xib; sourceTree = "<group>"; };
		E02DF9D412478C0E00599A96 /* bandaid_ico.png */ = {isa = PBXFileReference; lastKnownFileType = image.png; path = bandaid_ico.png; sourceTree = "<group>"; };
/* End PBXFileReference section */

/* Begin PBXFrameworksBuildPhase section */
		1D60588F0D05DD3D006BFB54 /* Frameworks */ = {
			isa = PBXFrameworksBuildPhase;
			buildActionMask = 2147483647;
			files = (
				1D60589F0D05DD5A006BFB54 /* Foundation.framework in Frameworks */,
				1DF5F4E00D08C38300B7A737 /* UIKit.framework in Frameworks */,
				288765FD0DF74451002DB57D /* CoreGraphics.framework in Frameworks */,
			);
			runOnlyForDeploymentPostprocessing = 0;
		};
/* End PBXFrameworksBuildPhase section */

/* Begin PBXGroup section */
		080E96DDFE201D6D7F000001 /* Classes */ = {
			isa = PBXGroup;
			children = (
				1D3623240D0F684500981E51 /* TabbyAppDelegate.h */,
				1D3623250D0F684500981E51 /* TabbyAppDelegate.m */,
				E02DF8F8124783EA00599A96 /* Alpha.h */,
				E02DF8F9124783EA00599A96 /* Alpha.m */,
				E02DF918124784C500599A96 /* Beta.h */,
				E02DF919124784C500599A96 /* Beta.m */,
				E02DF97B1247894C00599A96 /* Gamma.h */,
				E02DF97C1247894C00599A96 /* Gamma.m */,
				E02DF9881247898200599A96 /* Delta.h */,
				E02DF9891247898200599A96 /* Delta.m */,
				E02DF9AA12478ACD00599A96 /* Epsilon.h */,
				E02DF9AB12478ACD00599A96 /* Epsilon.m */,
				E02DF9C012478B6600599A96 /* Zeta.h */,
				E02DF9C112478B6600599A96 /* Zeta.m */,
			);
			path = Classes;
			sourceTree = "<group>";
		};
		19C28FACFE9D520D11CA2CBB /* Products */ = {
			isa = PBXGroup;
			children = (
				1D6058910D05DD3D006BFB54 /* Tabby.app */,
			);
			name = Products;
			sourceTree = "<group>";
		};
		29B97314FDCFA39411CA2CEA /* CustomTemplate */ = {
			isa = PBXGroup;
			children = (
				E02DF9D412478C0E00599A96 /* bandaid_ico.png */,
				080E96DDFE201D6D7F000001 /* Classes */,
				29B97315FDCFA39411CA2CEA /* Other Sources */,
				29B97317FDCFA39411CA2CEA /* Resources */,
				29B97323FDCFA39411CA2CEA /* Frameworks */,
				19C28FACFE9D520D11CA2CBB /* Products */,
			);
			name = CustomTemplate;
			sourceTree = "<group>";
		};
		29B97315FDCFA39411CA2CEA /* Other Sources */ = {
			isa = PBXGroup;
			children = (
				32CA4F630368D1EE00C91783 /* Tabby_Prefix.pch */,
				29B97316FDCFA39411CA2CEA /* main.m */,
			);
			name = "Other Sources";
			sourceTree = "<group>";
		};
		29B97317FDCFA39411CA2CEA /* Resources */ = {
			isa = PBXGroup;
			children = (
				E02DF9A612478AC500599A96 /* present_ico.png */,
				E02DF99812478A0E00599A96 /* heart_ico.png */,
				E02DF993124789F600599A96 /* skull_ico.png */,
				E02DF944124786E000599A96 /* star_ico.png */,
				E02DF940124786D500599A96 /* planet_ico.png */,
				E02DF8FA124783EA00599A96 /* Alpha.xib */,
				E02DF91A124784C500599A96 /* Beta.xib */,
				E02DF97D1247894C00599A96 /* Gamma.xib */,
				E02DF98A1247898200599A96 /* Delta.xib */,
				E02DF9AC12478ACD00599A96 /* Epsilon.xib */,
				E02DF9C212478B6600599A96 /* Zeta.xib */,
				28AD733E0D9D9553002E5188 /* MainWindow.xib */,
				8D1107310486CEB800E47090 /* Tabby-Info.plist */,
			);
			name = Resources;
			sourceTree = "<group>";
		};
		29B97323FDCFA39411CA2CEA /* Frameworks */ = {
			isa = PBXGroup;
			children = (
				1DF5F4DF0D08C38300B7A737 /* UIKit.framework */,
				1D30AB110D05D00D00671497 /* Foundation.framework */,
				288765FC0DF74451002DB57D /* CoreGraphics.framework */,
			);
			name = Frameworks;
			sourceTree = "<group>";
		};
/* End PBXGroup section */

/* Begin PBXNativeTarget section */
		1D6058900D05DD3D006BFB54 /* Tabby */ = {
			isa = PBXNativeTarget;
			buildConfigurationList = 1D6058960D05DD3E006BFB54 /* Build configuration list for PBXNativeTarget "Tabby" */;
			buildPhases = (
				1D60588D0D05DD3D006BFB54 /* Resources */,
				1D60588E0D05DD3D006BFB54 /* Sources */,
				1D60588F0D05DD3D006BFB54 /* Frameworks */,
			);
			buildRules = (
			);
			dependencies = (
			);
			name = Tabby;
			productName = Tabby;
			productReference = 1D6058910D05DD3D006BFB54 /* Tabby.app */;
			productType = "com.apple.product-type.application";
		};
/* End PBXNativeTarget section */

/* Begin PBXProject section */
		29B97313FDCFA39411CA2CEA /* Project object */ = {
			isa = PBXProject;
			buildConfigurationList = C01FCF4E08A954540054247B /* Build configuration list for PBXProject "Tabby" */;
			compatibilityVersion = "Xcode 3.1";
			hasScannedForEncodings = 1;
			knownRegions = (
				en,
			);
			mainGroup = 29B97314FDCFA39411CA2CEA /* CustomTemplate */;
			projectDirPath = "";
			projectRoot = "";
			targets = (
				1D6058900D05DD3D006BFB54 /* Tabby */,
			);
		};
/* End PBXProject section */

/* Begin PBXResourcesBuildPhase section */
		1D60588D0D05DD3D006BFB54 /* Resources */ = {
			isa = PBXResourcesBuildPhase;
			buildActionMask = 2147483647;
			files = (
				28AD733F0D9D9553002E5188 /* MainWindow.xib in Resources */,
				E02DF8FC124783EA00599A96 /* Alpha.xib in Resources */,
				E02DF91C124784C500599A96 /* Beta.xib in Resources */,
				E02DF941124786D500599A96 /* planet_ico.png in Resources */,
				E02DF945124786E000599A96 /* star_ico.png in Resources */,
				E02DF97F1247894C00599A96 /* Gamma.xib in Resources */,
				E02DF98C1247898200599A96 /* Delta.xib in Resources */,
				E02DF994124789F600599A96 /* skull_ico.png in Resources */,
				E02DF99912478A0E00599A96 /* heart_ico.png in Resources */,
				E02DF9A712478AC500599A96 /* present_ico.png in Resources */,
				E02DF9AE12478ACD00599A96 /* Epsilon.xib in Resources */,
				E02DF9C412478B6600599A96 /* Zeta.xib in Resources */,
				E02DF9D512478C0E00599A96 /* bandaid_ico.png in Resources */,
			);
			runOnlyForDeploymentPostprocessing = 0;
		};
/* End PBXResourcesBuildPhase section */

/* Begin PBXSourcesBuildPhase section */
		1D60588E0D05DD3D006BFB54 /* Sources */ = {
			isa = PBXSourcesBuildPhase;
			buildActionMask = 2147483647;
			files = (
				1D60589B0D05DD56006BFB54 /* main.m in Sources */,
				1D3623260D0F684500981E51 /* TabbyAppDelegate.m in Sources */,
				E02DF8FB124783EA00599A96 /* Alpha.m in Sources */,
				E02DF91B124784C500599A96 /* Beta.m in Sources */,
				E02DF97E1247894C00599A96 /* Gamma.m in Sources */,
				E02DF98B1247898200599A96 /* Delta.m in Sources */,
				E02DF9AD12478ACD00599A96 /* Epsilon.m in Sources */,
				E02DF9C312478B6600599A96 /* Zeta.m in Sources */,
			);
			runOnlyForDeploymentPostprocessing = 0;
		};
/* End PBXSourcesBuildPhase section */

/* Begin XCBuildConfiguration section */
		1D6058940D05DD3E006BFB54 /* Debug */ = {
			isa = XCBuildConfiguration;
			buildSettings = {
				ALWAYS_SEARCH_USER_PATHS = NO;
				COPY_PHASE_STRIP = NO;
				GCC_DYNAMIC_NO_PIC = NO;
				GCC_OPTIMIZATION_LEVEL = 0;
				GCC_PRECOMPILE_PREFIX_HEADER = YES;
				GCC_PREFIX_HEADER = Tabby_Prefix.pch;
				INFOPLIST_FILE = "Tabby-Info.plist";
				PRODUCT_NAME = Tabby;
			};
			name = Debug;
		};
		1D6058950D05DD3E006BFB54 /* Release */ = {
			isa = XCBuildConfiguration;
			buildSettings = {
				ALWAYS_SEARCH_USER_PATHS = NO;
				COPY_PHASE_STRIP = YES;
				GCC_PRECOMPILE_PREFIX_HEADER = YES;
				GCC_PREFIX_HEADER = Tabby_Prefix.pch;
				INFOPLIST_FILE = "Tabby-Info.plist";
				PRODUCT_NAME = Tabby;
				VALIDATE_PRODUCT = YES;
			};
			name = Release;
		};
		C01FCF4F08A954540054247B /* Debug */ = {
			isa = XCBuildConfiguration;
			buildSettings = {
				ARCHS = "$(ARCHS_STANDARD_32_BIT)";
				"CODE_SIGN_IDENTITY[sdk=iphoneos*]" = "iPhone Developer";
				GCC_C_LANGUAGE_STANDARD = c99;
				GCC_WARN_ABOUT_RETURN_TYPE = YES;
				GCC_WARN_UNUSED_VARIABLE = YES;
				IPHONEOS_DEPLOYMENT_TARGET = 4.0;
				PREBINDING = NO;
				SDKROOT = iphonesimulator3.2;
			};
			name = Debug;
		};
		C01FCF5008A954540054247B /* Release */ = {
			isa = XCBuildConfiguration;
			buildSettings = {
				ARCHS = "$(ARCHS_STANDARD_32_BIT)";
				"CODE_SIGN_IDENTITY[sdk=iphoneos*]" = "iPhone Developer";
				GCC_C_LANGUAGE_STANDARD = c99;
				GCC_WARN_ABOUT_RETURN_TYPE = YES;
				GCC_WARN_UNUSED_VARIABLE = YES;
				IPHONEOS_DEPLOYMENT_TARGET = 4.0;
				OTHER_CFLAGS = "-DNS_BLOCK_ASSERTIONS=1";
				PREBINDING = NO;
				SDKROOT = iphoneos4.1;
			};
			name = Release;
		};
/* End XCBuildConfiguration section */

/* Begin XCConfigurationList section */
		1D6058960D05DD3E006BFB54 /* Build configuration list for PBXNativeTarget "Tabby" */ = {
			isa = XCConfigurationList;
			buildConfigurations = (
				1D6058940D05DD3E006BFB54 /* Debug */,
				1D6058950D05DD3E006BFB54 /* Release */,
			);
			defaultConfigurationIsVisible = 0;
			defaultConfigurationName = Release;
		};
		C01FCF4E08A954540054247B /* Build configuration list for PBXProject "Tabby" */ = {
			isa = XCConfigurationList;
			buildConfigurations = (
				C01FCF4F08A954540054247B /* Debug */,
				C01FCF5008A954540054247B /* Release */,
			);
			defaultConfigurationIsVisible = 0;
			defaultConfigurationName = Release;
		};
/* End XCConfigurationList section */
	};
	rootObject = 29B97313FDCFA39411CA2CEA /* Project object */;
}
